{
  "name": "node-server",
  "version": "1.0.0",
  "lockfileVersion": 2,
  "requires": true,
  "packages": {
    "": {
      "name": "node-server",
      "version": "1.0.0",
      "license": "ISC",
      "dependencies": {
        "temperature-unit-converter-ctof-ftoc": "^1.0.3"
      }
    },
    "node_modules/number2texto": {
      "version": "0.0.9",
      "resolved": "https://registry.npmjs.org/number2texto/-/number2texto-0.0.9.tgz",
      "integrity": "sha512-JDptyYCPCt/tsfiLLUkwUYHzIfHAXeZ2tJ3HiPBZUfvPd4xjZmTGx12chvcHy9Qee5d0/9EOAnT8MRd4Kb+Yrg=="
    },
    "node_modules/temperature-unit-converter-ctof-ftoc": {
      "version": "1.0.3",
      "resolved": "https://registry.npmjs.org/temperature-unit-converter-ctof-ftoc/-/temperature-unit-converter-ctof-ftoc-1.0.3.tgz",
      "integrity": "sha512-ET+Utm2yJ7Aq720+GOo0/RcJ6mFZ8V+1fUY32xymdkSVkUr3/RVpEccWngrxwpoSGcMPqPkKJI//h5kQN+Zhow==",
      "dependencies": {
        "number2texto": "^0.0.9"
      },
      "bin": {
        "temperature": "bin/temperature.js"
      }
    }
  },
  "dependencies": {
    "number2texto": {
      "version": "0.0.9",
      "resolved": "https://registry.npmjs.org/number2texto/-/number2texto-0.0.9.tgz",
      "integrity": "sha512-JDptyYCPCt/tsfiLLUkwUYHzIfHAXeZ2tJ3HiPBZUfvPd4xjZmTGx12chvcHy9Qee5d0/9EOAnT8MRd4Kb+Yrg=="
    },
    "temperature-unit-converter-ctof-ftoc": {
      "version": "1.0.3",
      "resolved": "https://registry.npmjs.org/temperature-unit-converter-ctof-ftoc/-/temperature-unit-converter-ctof-ftoc-1.0.3.tgz",
      "integrity": "sha512-ET+Utm2yJ7Aq720+GOo0/RcJ6mFZ8V+1fUY32xymdkSVkUr3/RVpEccWngrxwpoSGcMPqPkKJI//h5kQN+Zhow==",
      "requires": {
        "number2texto": "^0.0.9"
      }
    }
  }
}
